
Microsoft Visual Studio Solution File, Format Version 12.00
# Visual Studio Version 16
VisualStudioVersion = 16.0.29613.14
MinimumVisualStudioVersion = 10.0.40219.1
Project("{FAE04EC0-301F-11D3-BF4B-00C04F79EFBC}") = "MovieX", "MovieX\MovieX.csproj", "{84A2D0E3-82BD-4E06-8E1F-BB4F5F96A560}"
EndProject
Global
	GlobalSection(SolutionConfigurationPlatforms) = preSolution
		Debug|Any CPU = Debug|Any CPU
		Release|Any CPU = Release|Any CPU
	EndGlobalSection
	GlobalSection(ProjectConfigurationPlatforms) = postSolution
		{84A2D0E3-82BD-4E06-8E1F-BB4F5F96A560}.Debug|Any CPU.ActiveCfg = Debug|Any CPU
		{84A2D0E3-82BD-4E06-8E1F-BB4F5F96A560}.Debug|Any CPU.Build.0 = Debug|Any CPU
		{84A2D0E3-82BD-4E06-8E1F-BB4F5F96A560}.Release|Any CPU.ActiveCfg = Release|Any CPU
		{84A2D0E3-82BD-4E06-8E1F-BB4F5F96A560}.Release|Any CPU.Build.0 = Release|Any CPU
	EndGlobalSection
	GlobalSection(SolutionProperties) = preSolution
		HideSolutionNode = FALSE
	EndGlobalSection
	GlobalSection(ExtensibilityGlobals) = postSolution
		SolutionGuid = {B5F6D2F0-2A76-44A6-A9AB-034E6B807394}
	EndGlobalSection
EndGlobal
